// !$*UTF8*$!
{
	archiveVersion = 1;
	classes = {
	};
	objectVersion = 50;
	objects = {

/* Begin PBXBuildFile section */
		F06A66D326254D690042F037 /* AppDelegate.swift in Sources */ = {isa = PBXBuildFile; fileRef = F06A66D226254D690042F037 /* AppDelegate.swift */; };
		F06A66D526254D690042F037 /* SceneDelegate.swift in Sources */ = {isa = PBXBuildFile; fileRef = F06A66D426254D690042F037 /* SceneDelegate.swift */; };
		F06A66D726254D690042F037 /* ViewController.swift in Sources */ = {isa = PBXBuildFile; fileRef = F06A66D626254D690042F037 /* ViewController.swift */; };
		F06A66DA26254D690042F037 /* Main.storyboard in Resources */ = {isa = PBXBuildFile; fileRef = F06A66D826254D690042F037 /* Main.storyboard */; };
		F06A66DC26254D6A0042F037 /* Assets.xcassets in Resources */ = {isa = PBXBuildFile; fileRef = F06A66DB26254D6A0042F037 /* Assets.xcassets */; };
		F06A66DF26254D6A0042F037 /* LaunchScreen.storyboard in Resources */ = {isa = PBXBuildFile; fileRef = F06A66DD26254D6A0042F037 /* LaunchScreen.storyboard */; };
		F06A66E726254EA20042F037 /* TablaVC.swift in Sources */ = {isa = PBXBuildFile; fileRef = F06A66E626254EA20042F037 /* TablaVC.swift */; };
/* End PBXBuildFile section */

/* Begin PBXFileReference section */
		F06A66CF26254D690042F037 /* Actividad_10_SOLY.app */ = {isa = PBXFileReference; explicitFileType = wrapper.application; includeInIndex = 0; path = Actividad_10_SOLY.app; sourceTree = BUILT_PRODUCTS_DIR; };
		F06A66D226254D690042F037 /* AppDelegate.swift */ = {isa = PBXFileReference; lastKnownFileType = sourcecode.swift; path = AppDelegate.swift; sourceTree = "<group>"; };
		F06A66D426254D690042F037 /* SceneDelegate.swift */ = {isa = PBXFileReference; lastKnownFileType = sourcecode.swift; path = SceneDelegate.swift; sourceTree = "<group>"; };
		F06A66D626254D690042F037 /* ViewController.swift */ = {isa = PBXFileReference; lastKnownFileType = sourcecode.swift; path = ViewController.swift; sourceTree = "<group>"; };
		F06A66D926254D690042F037 /* Base */ = {isa = PBXFileReference; lastKnownFileType = file.storyboard; name = Base; path = Base.lproj/Main.storyboard; sourceTree = "<group>"; };
		F06A66DB26254D6A0042F037 /* Assets.xcassets */ = {isa = PBXFileReference; lastKnownFileType = folder.assetcatalog; path = Assets.xcassets; sourceTree = "<group>"; };
		F06A66DE26254D6A0042F037 /* Base */ = {isa = PBXFileReference; lastKnownFileType = file.storyboard; name = Base; path = Base.lproj/LaunchScreen.storyboard; sourceTree = "<group>"; };
		F06A66E026254D6A0042F037 /* Info.plist */ = {isa = PBXFileReference; lastKnownFileType = text.plist.xml; path = Info.plist; sourceTree = "<group>"; };
		F06A66E626254EA20042F037 /* TablaVC.swift */ = {isa = PBXFileReference; lastKnownFileType = sourcecode.swift; path = TablaVC.swift; sourceTree = "<group>"; };
/* End PBXFileReference section */

/* Begin PBXFrameworksBuildPhase section */
		F06A66CC26254D690042F037 /* Frameworks */ = {
			isa = PBXFrameworksBuildPhase;
			buildActionMask = 2147483647;
			files = (
			);
			runOnlyForDeploymentPostprocessing = 0;
		};
/* End PBXFrameworksBuildPhase section */

/* Begin PBXGroup section */
		F06A66C626254D690042F037 = {
			isa = PBXGroup;
			children = (
				F06A66D126254D690042F037 /* Actividad_10_SOLY */,
				F06A66D026254D690042F037 /* Products */,
			);
			sourceTree = "<group>";
		};
		F06A66D026254D690042F037 /* Products */ = {
			isa = PBXGroup;
			children = (
				F06A66CF26254D690042F037 /* Actividad_10_SOLY.app */,
			);
			name = Products;
			sourceTree = "<group>";
		};
		F06A66D126254D690042F037 /* Actividad_10_SOLY */ = {
			isa = PBXGroup;
			children = (
				F06A66D226254D690042F037 /* AppDelegate.swift */,
				F06A66D426254D690042F037 /* SceneDelegate.swift */,
				F06A66D626254D690042F037 /* ViewController.swift */,
				F06A66D826254D690042F037 /* Main.storyboard */,
				F06A66DB26254D6A0042F037 /* Assets.xcassets */,
				F06A66DD26254D6A0042F037 /* LaunchScreen.storyboard */,
				F06A66E026254D6A0042F037 /* Info.plist */,
				F06A66E626254EA20042F037 /* TablaVC.swift */,
			);
			path = Actividad_10_SOLY;
			sourceTree = "<group>";
		};
/* End PBXGroup section */

/* Begin PBXNativeTarget section */
		F06A66CE26254D690042F037 /* Actividad_10_SOLY */ = {
			isa = PBXNativeTarget;
			buildConfigurationList = F06A66E326254D6A0042F037 /* Build configuration list for PBXNativeTarget "Actividad_10_SOLY" */;
			buildPhases = (
				F06A66CB26254D690042F037 /* Sources */,
				F06A66CC26254D690042F037 /* Frameworks */,
				F06A66CD26254D690042F037 /* Resources */,
			);
			buildRules = (
			);
			dependencies = (
			);
			name = Actividad_10_SOLY;
			productName = Actividad_10_SOLY;
			productReference = F06A66CF26254D690042F037 /* Actividad_10_SOLY.app */;
			productType = "com.apple.product-type.application";
		};
/* End PBXNativeTarget section */

/* Begin PBXProject section */
		F06A66C726254D690042F037 /* Project object */ = {
			isa = PBXProject;
			attributes = {
				LastSwiftUpdateCheck = 1130;
				LastUpgradeCheck = 1130;
				ORGANIZATIONNAME = user167235;
				TargetAttributes = {
					F06A66CE26254D690042F037 = {
						CreatedOnToolsVersion = 11.3.1;
					};
				};
			};
			buildConfigurationList = F06A66CA26254D690042F037 /* Build configuration list for PBXProject "Actividad_10_SOLY" */;
			compatibilityVersion = "Xcode 9.3";
			developmentRegion = en;
			hasScannedForEncodings = 0;
			knownRegions = (
				en,
				Base,
			);
			mainGroup = F06A66C626254D690042F037;
			productRefGroup = F06A66D026254D690042F037 /* Products */;
			projectDirPath = "";
			projectRoot = "";
			targets = (
				F06A66CE26254D690042F037 /* Actividad_10_SOLY */,
			);
		};
/* End PBXProject section */

/* Begin PBXResourcesBuildPhase section */
		F06A66CD26254D690042F037 /* Resources */ = {
			isa = PBXResourcesBuildPhase;
			buildActionMask = 2147483647;
			files = (
				F06A66DF26254D6A0042F037 /* LaunchScreen.storyboard in Resources */,
				F06A66DC26254D6A0042F037 /* Assets.xcassets in Resources */,
				F06A66DA26254D690042F037 /* Main.storyboard in Resources */,
			);
			runOnlyForDeploymentPostprocessing = 0;
		};
/* End PBXResourcesBuildPhase section */

/* Begin PBXSourcesBuildPhase section */
		F06A66CB26254D690042F037 /* Sources */ = {
			isa = PBXSourcesBuildPhase;
			buildActionMask = 2147483647;
			files = (
				F06A66D726254D690042F037 /* ViewController.swift in Sources */,
				F06A66E726254EA20042F037 /* TablaVC.swift in Sources */,
				F06A66D326254D690042F037 /* AppDelegate.swift in Sources */,
				F06A66D526254D690042F037 /* SceneDelegate.swift in Sources */,
			);
			runOnlyForDeploymentPostprocessing = 0;
		};
/* End PBXSourcesBuildPhase section */

/* Begin PBXVariantGroup section */
		F06A66D826254D690042F037 /* Main.storyboard */ = {
			isa = PBXVariantGroup;
			children = (
				F06A66D926254D690042F037 /* Base */,
			);
			name = Main.storyboard;
			sourceTree = "<group>";
		};
		F06A66DD26254D6A0042F037 /* LaunchScreen.storyboard */ = {
			isa = PBXVariantGroup;
			children = (
				F06A66DE26254D6A0042F037 /* Base */,
			);
			name = LaunchScreen.storyboard;
			sourceTree = "<group>";
		};
/* End PBXVariantGroup section */

/* Begin XCBuildConfiguration section */
		F06A66E126254D6A0042F037 /* Debug */ = {
			isa = XCBuildConfiguration;
			buildSettings = {
				ALWAYS_SEARCH_USER_PATHS = NO;
				CLANG_ANALYZER_NONNULL = YES;
				CLANG_ANALYZER_NUMBER_OBJECT_CONVERSION = YES_AGGRESSIVE;
				CLANG_CXX_LANGUAGE_STANDARD = "gnu++14";
				CLANG_CXX_LIBRARY = "libc++";
				CLANG_ENABLE_MODULES = YES;
				CLANG_ENABLE_OBJC_ARC = YES;
				CLANG_ENABLE_OBJC_WEAK = YES;
				CLANG_WARN_BLOCK_CAPTURE_AUTORELEASING = YES;
				CLANG_WARN_BOOL_CONVERSION = YES;
				CLANG_WARN_COMMA = YES;
				CLANG_WARN_CONSTANT_CONVERSION = YES;
				CLANG_WARN_DEPRECATED_OBJC_IMPLEMENTATIONS = YES;
				CLANG_WARN_DIRECT_OBJC_ISA_USAGE = YES_ERROR;
				CLANG_WARN_DOCUMENTATION_COMMENTS = YES;
				CLANG_WARN_EMPTY_BODY = YES;
				CLANG_WARN_ENUM_CONVERSION = YES;
				CLANG_WARN_INFINITE_RECURSION = YES;
				CLANG_WARN_INT_CONVERSION = YES;
				CLANG_WARN_NON_LITERAL_NULL_CONVERSION = YES;
				CLANG_WARN_OBJC_IMPLICIT_RETAIN_SELF = YES;
				CLANG_WARN_OBJC_LITERAL_CONVERSION = YES;
				CLANG_WARN_OBJC_ROOT_CLASS = YES_ERROR;
				CLANG_WARN_RANGE_LOOP_ANALYSIS = YES;
				CLANG_WARN_STRICT_PROTOTYPES = YES;
				CLANG_WARN_SUSPICIOUS_MOVE = YES;
				CLANG_WARN_UNGUARDED_AVAILABILITY = YES_AGGRESSIVE;
				CLANG_WARN_UNREACHABLE_CODE = YES;
				CLANG_WARN__DUPLICATE_METHOD_MATCH = YES;
				COPY_PHASE_STRIP = NO;
				DEBUG_INFORMATION_FORMAT = dwarf;
				ENABLE_STRICT_OBJC_MSGSEND = YES;
				ENABLE_TESTABILITY = YES;
				GCC_C_LANGUAGE_STANDARD = gnu11;
				GCC_DYNAMIC_NO_PIC = NO;
				GCC_NO_COMMON_BLOCKS = YES;
				GCC_OPTIMIZATION_LEVEL = 0;
				GCC_PREPROCESSOR_DEFINITIONS = (
					"DEBUG=1",
					"$(inherited)",
				);
				GCC_WARN_64_TO_32_BIT_CONVERSION = YES;
				GCC_WARN_ABOUT_RETURN_TYPE = YES_ERROR;
				GCC_WARN_UNDECLARED_SELECTOR = YES;
				GCC_WARN_UNINITIALIZED_AUTOS = YES_AGGRESSIVE;
				GCC_WARN_UNUSED_FUNCTION = YES;
				GCC_WARN_UNUSED_VARIABLE = YES;
				IPHONEOS_DEPLOYMENT_TARGET = 13.2;
				MTL_ENABLE_DEBUG_INFO = INCLUDE_SOURCE;
				MTL_FAST_MATH = YES;
				ONLY_ACTIVE_ARCH = YES;
				SDKROOT = iphoneos;
				SWIFT_ACTIVE_COMPILATION_CONDITIONS = DEBUG;
				SWIFT_OPTIMIZATION_LEVEL = "-Onone";
			};
			name = Debug;
		};
		F06A66E226254D6A0042F037 /* Release */ = {
			isa = XCBuildConfiguration;
			buildSettings = {
				ALWAYS_SEARCH_USER_PATHS = NO;
				CLANG_ANALYZER_NONNULL = YES;
				CLANG_ANALYZER_NUMBER_OBJECT_CONVERSION = YES_AGGRESSIVE;
				CLANG_CXX_LANGUAGE_STANDARD = "gnu++14";
				CLANG_CXX_LIBRARY = "libc++";
				CLANG_ENABLE_MODULES = YES;
				CLANG_ENABLE_OBJC_ARC = YES;
				CLANG_ENABLE_OBJC_WEAK = YES;
				CLANG_WARN_BLOCK_CAPTURE_AUTORELEASING = YES;
				CLANG_WARN_BOOL_CONVERSION = YES;
				CLANG_WARN_COMMA = YES;
				CLANG_WARN_CONSTANT_CONVERSION = YES;
				CLANG_WARN_DEPRECATED_OBJC_IMPLEMENTATIONS = YES;
				CLANG_WARN_DIRECT_OBJC_ISA_USAGE = YES_ERROR;
				CLANG_WARN_DOCUMENTATION_COMMENTS = YES;
				CLANG_WARN_EMPTY_BODY = YES;
				CLANG_WARN_ENUM_CONVERSION = YES;
				CLANG_WARN_INFINITE_RECURSION = YES;
				CLANG_WARN_INT_CONVERSION = YES;
				CLANG_WARN_NON_LITERAL_NULL_CONVERSION = YES;
				CLANG_WARN_OBJC_IMPLICIT_RETAIN_SELF = YES;
				CLANG_WARN_OBJC_LITERAL_CONVERSION = YES;
				CLANG_WARN_OBJC_ROOT_CLASS = YES_ERROR;
				CLANG_WARN_RANGE_LOOP_ANALYSIS = YES;
				CLANG_WARN_STRICT_PROTOTYPES = YES;
				CLANG_WARN_SUSPICIOUS_MOVE = YES;
				CLANG_WARN_UNGUARDED_AVAILABILITY = YES_AGGRESSIVE;
				CLANG_WARN_UNREACHABLE_CODE = YES;
				CLANG_WARN__DUPLICATE_METHOD_MATCH = YES;
				COPY_PHASE_STRIP = NO;
				DEBUG_INFORMATION_FORMAT = "dwarf-with-dsym";
				ENABLE_NS_ASSERTIONS = NO;
				ENABLE_STRICT_OBJC_MSGSEND = YES;
				GCC_C_LANGUAGE_STANDARD = gnu11;
				GCC_NO_COMMON_BLOCKS = YES;
				GCC_WARN_64_TO_32_BIT_CONVERSION = YES;
				GCC_WARN_ABOUT_RETURN_TYPE = YES_ERROR;
				GCC_WARN_UNDECLARED_SELECTOR = YES;
				GCC_WARN_UNINITIALIZED_AUTOS = YES_AGGRESSIVE;
				GCC_WARN_UNUSED_FUNCTION = YES;
				GCC_WARN_UNUSED_VARIABLE = YES;
				IPHONEOS_DEPLOYMENT_TARGET = 13.2;
				MTL_ENABLE_DEBUG_INFO = NO;
				MTL_FAST_MATH = YES;
				SDKROOT = iphoneos;
				SWIFT_COMPILATION_MODE = wholemodule;
				SWIFT_OPTIMIZATION_LEVEL = "-O";
				VALIDATE_PRODUCT = YES;
			};
			name = Release;
		};
		F06A66E426254D6A0042F037 /* Debug */ = {
			isa = XCBuildConfiguration;
			buildSettings = {
				ASSETCATALOG_COMPILER_APPICON_NAME = AppIcon;
				CODE_SIGN_STYLE = Automatic;
				INFOPLIST_FILE = Actividad_10_SOLY/Info.plist;
				LD_RUNPATH_SEARCH_PATHS = (
					"$(inherited)",
					"@executable_path/Frameworks",
				);
				PRODUCT_BUNDLE_IDENTIFIER = "com.tecmilenio.Actividad-10-SOLY";
				PRODUCT_NAME = "$(TARGET_NAME)";
				SWIFT_VERSION = 5.0;
				TARGETED_DEVICE_FAMILY = "1,2";
			};
			name = Debug;
		};
		F06A66E526254D6A0042F037 /* Release */ = {
			isa = XCBuildConfiguration;
			buildSettings = {
				ASSETCATALOG_COMPILER_APPICON_NAME = AppIcon;
				CODE_SIGN_STYLE = Automatic;
				INFOPLIST_FILE = Actividad_10_SOLY/Info.plist;
				LD_RUNPATH_SEARCH_PATHS = (
					"$(inherited)",
					"@executable_path/Frameworks",
				);
				PRODUCT_BUNDLE_IDENTIFIER = "com.tecmilenio.Actividad-10-SOLY";
				PRODUCT_NAME = "$(TARGET_NAME)";
				SWIFT_VERSION = 5.0;
				TARGETED_DEVICE_FAMILY = "1,2";
			};
			name = Release;
		};
/* End XCBuildConfiguration section */

/* Begin XCConfigurationList section */
		F06A66CA26254D690042F037 /* Build configuration list for PBXProject "Actividad_10_SOLY" */ = {
			isa = XCConfigurationList;
			buildConfigurations = (
				F06A66E126254D6A0042F037 /* Debug */,
				F06A66E226254D6A0042F037 /* Release */,
			);
			defaultConfigurationIsVisible = 0;
			defaultConfigurationName = Release;
		};
		F06A66E326254D6A0042F037 /* Build configuration list for PBXNativeTarget "Actividad_10_SOLY" */ = {
			isa = XCConfigurationList;
			buildConfigurations = (
				F06A66E426254D6A0042F037 /* Debug */,
				F06A66E526254D6A0042F037 /* Release */,
			);
			defaultConfigurationIsVisible = 0;
			defaultConfigurationName = Release;
		};
/* End XCConfigurationList section */
	};
	rootObject = F06A66C726254D690042F037 /* Project object */;
}
